<?xml version="1.0" encoding="utf-8"?>
<Project ToolsVersion="4.0" xmlns="http://schemas.microsoft.com/developer/msbuild/2003">
  <ItemGroup>
    <Filter Include="Source Files">
      <UniqueIdentifier>{4FC737F1-C7A5-4376-A066-2A32D752A2FF}</UniqueIdentifier>
      <Extensions>cpp;c;cc;cxx;c++;cppm;ixx;def;odl;idl;hpj;bat;asm;asmx</Extensions>
    </Filter>
    <Filter Include="Header Files">
      <UniqueIdentifier>{93995380-89BD-4b04-88EB-625FBE52EBFB}</UniqueIdentifier>
      <Extensions>h;hh;hpp;hxx;h++;hm;inl;inc;ipp;xsd</Extensions>
    </Filter>
    <Filter Include="Resource Files">
      <UniqueIdentifier>{67DA6AB6-F800-4c08-8B7A-83BB121AAD01}</UniqueIdentifier>
      <Extensions>rc;ico;cur;bmp;dlg;rc2;rct;bin;rgs;gif;jpg;jpeg;jpe;resx;tiff;tif;png;wav;mfcribbon-ms</Extensions>
    </Filter>
    <Filter Include="Header Files\utility">
      <UniqueIdentifier>{ca9dcd8e-92d3-4764-8516-77454206ad9a}</UniqueIdentifier>
    </Filter>
    <Filter Include="Header Files\handlers">
      <UniqueIdentifier>{bb4958bc-e21f-4783-b1ac-cc941f20951c}</UniqueIdentifier>
    </Filter>
    <Filter Include="Source Files\handlers">
      <UniqueIdentifier>{81273240-7e01-4b35-a8a8-7ab0bb018865}</UniqueIdentifier>
    </Filter>
    <Filter Include="Header Files\vulkanHelpers">
      <UniqueIdentifier>{f23510b4-e2a7-431d-9d8c-056ccb39cb3e}</UniqueIdentifier>
    </Filter>
    <Filter Include="Source Files\vulkanHelpers">
      <UniqueIdentifier>{ef45555d-e6c0-4d40-bc34-7e21d69c2e35}</UniqueIdentifier>
    </Filter>
    <Filter Include="Header Files\windowsHelpers">
      <UniqueIdentifier>{b96ddf03-67bf-4b94-b6bc-b991ae5a5fd8}</UniqueIdentifier>
    </Filter>
    <Filter Include="Source Files\windowsHelpers">
      <UniqueIdentifier>{c12907a2-f5f3-4c9e-86ff-1480c92c07e4}</UniqueIdentifier>
    </Filter>
    <Filter Include="Source Files\utility">
      <UniqueIdentifier>{ba60f054-84d1-4e20-bbd7-1d495e405372}</UniqueIdentifier>
    </Filter>
  </ItemGroup>
  <ItemGroup>
    <ClCompile Include="src\main.cpp">
      <Filter>Source Files</Filter>
    </ClCompile>
    <ClCompile Include="src\handlers\windowHandler.cpp">
      <Filter>Source Files\handlers</Filter>
    </ClCompile>
    <ClCompile Include="src\vulkanHelpers\vulkanDevice.cpp">
      <Filter>Source Files\vulkanHelpers</Filter>
    </ClCompile>
    <ClCompile Include="src\vulkanHelpers\printWarnings.cpp">
      <Filter>Source Files\vulkanHelpers</Filter>
    </ClCompile>
    <ClCompile Include="src\vulkanHelpers\vulkanInstance.cpp">
      <Filter>Source Files\vulkanHelpers</Filter>
    </ClCompile>
    <ClCompile Include="src\vulkanHelpers\vulkanWindow.cpp">
      <Filter>Source Files\vulkanHelpers</Filter>
    </ClCompile>
    <ClCompile Include="src\windowsHelpers\windowsWindow.cpp">
      <Filter>Source Files\windowsHelpers</Filter>
    </ClCompile>
    <ClCompile Include="src\windowsHelpers\windowsInput.cpp">
      <Filter>Source Files\windowsHelpers</Filter>
    </ClCompile>
    <ClCompile Include="src\vulkanHelpers\vulkanModel.cpp">
      <Filter>Source Files\vulkanHelpers</Filter>
    </ClCompile>
    <ClCompile Include="src\utility\matrixTransforms.cpp">
      <Filter>Source Files\utility</Filter>
    </ClCompile>
  </ItemGroup>
  <ItemGroup>
    <ClInclude Include="include\utility\Singleton.h">
      <Filter>Header Files\utility</Filter>
    </ClInclude>
    <ClInclude Include="include\utility\Singleton.hpp">
      <Filter>Header Files\utility</Filter>
    </ClInclude>
    <ClInclude Include="include\utility\windowsInclude.h">
      <Filter>Header Files\utility</Filter>
    </ClInclude>
    <ClInclude Include="include\handlers\windowHandler.h">
      <Filter>Header Files\handlers</Filter>
    </ClInclude>
    <ClInclude Include="include\vulkanHelpers\vulkanDevice.h">
      <Filter>Header Files\vulkanHelpers</Filter>
    </ClInclude>
    <ClInclude Include="include\vulkanHelpers\printWarnings.h">
      <Filter>Header Files\vulkanHelpers</Filter>
    </ClInclude>
    <ClInclude Include="include\vulkanHelpers\vulkanInstance.h">
      <Filter>Header Files\vulkanHelpers</Filter>
    </ClInclude>
    <ClInclude Include="include\utility\lockableObject.hpp">
      <Filter>Header Files\utility</Filter>
    </ClInclude>
    <ClInclude Include="include\vulkanHelpers\vulkanWindow.h">
      <Filter>Header Files\vulkanHelpers</Filter>
    </ClInclude>
    <ClInclude Include="include\windowsHelpers\windowsWindow.h">
      <Filter>Header Files\windowsHelpers</Filter>
    </ClInclude>
    <ClInclude Include="include\windowsHelpers\windowsInput.h">
      <Filter>Header Files\windowsHelpers</Filter>
    </ClInclude>
    <ClInclude Include="include\vulkanHelpers\vulkanPipeline.h">
      <Filter>Header Files\vulkanHelpers</Filter>
    </ClInclude>
    <ClInclude Include="include\vulkanHelpers\vulkanModel.h">
      <Filter>Header Files\vulkanHelpers</Filter>
    </ClInclude>
    <ClInclude Include="include\vulkanHelpers\vulkanBuffer.h">
      <Filter>Header Files\vulkanHelpers</Filter>
    </ClInclude>
    <ClInclude Include="include\utility\vertices.h">
      <Filter>Header Files\utility</Filter>
    </ClInclude>
    <ClInclude Include="include\utility\matrixTransforms.h">
      <Filter>Header Files\utility</Filter>
    </ClInclude>
  </ItemGroup>
</Project>